
Microsoft Visual Studio Solution File, Format Version 12.00
# Visual Studio Version 17
VisualStudioVersion = 17.3.32901.215
MinimumVisualStudioVersion = 10.0.40219.1
Project("{FAE04EC0-301F-11D3-BF4B-00C04F79EFBC}") = "ortalamahesaplama", "ortalamahesaplama\ortalamahesaplama.csproj", "{17A4D60D-D918-44F2-9DEB-85D778BC6887}"
EndProject
Global
	GlobalSection(SolutionConfigurationPlatforms) = preSolution
		Debug|Any CPU = Debug|Any CPU
		Release|Any CPU = Release|Any CPU
	EndGlobalSection
	GlobalSection(ProjectConfigurationPlatforms) = postSolution
		{17A4D60D-D918-44F2-9DEB-85D778BC6887}.Debug|Any CPU.ActiveCfg = Debug|Any CPU
		{17A4D60D-D918-44F2-9DEB-85D778BC6887}.Debug|Any CPU.Build.0 = Debug|Any CPU
		{17A4D60D-D918-44F2-9DEB-85D778BC6887}.Release|Any CPU.ActiveCfg = Release|Any CPU
		{17A4D60D-D918-44F2-9DEB-85D778BC6887}.Release|Any CPU.Build.0 = Release|Any CPU
	EndGlobalSection
	GlobalSection(SolutionProperties) = preSolution
		HideSolutionNode = FALSE
	EndGlobalSection
	GlobalSection(ExtensibilityGlobals) = postSolution
		SolutionGuid = {21CF8820-F76A-4F5A-8CE4-8F47DA6998D4}
	EndGlobalSection
EndGlobal
